
Microsoft Visual Studio Solution File, Format Version 12.00
# Visual Studio Version 16
VisualStudioVersion = 25.0.1706.12
MinimumVisualStudioVersion = 10.0.40219.1
Project("{FAE04EC0-301F-11D3-BF4B-00C04F79EFBC}") = "BlazorTest", "BlazorTest\BlazorTest.csproj", "{5AC03985-3ECC-437A-A30D-DC1E7D2661B9}"
EndProject
Global
	GlobalSection(SolutionConfigurationPlatforms) = preSolution
		Debug|Any CPU = Debug|Any CPU
		Release|Any CPU = Release|Any CPU
	EndGlobalSection
	GlobalSection(ProjectConfigurationPlatforms) = postSolution
		{5AC03985-3ECC-437A-A30D-DC1E7D2661B9}.Debug|Any CPU.ActiveCfg = Debug|Any CPU
		{5AC03985-3ECC-437A-A30D-DC1E7D2661B9}.Debug|Any CPU.Build.0 = Debug|Any CPU
		{5AC03985-3ECC-437A-A30D-DC1E7D2661B9}.Release|Any CPU.ActiveCfg = Release|Any CPU
		{5AC03985-3ECC-437A-A30D-DC1E7D2661B9}.Release|Any CPU.Build.0 = Release|Any CPU
	EndGlobalSection
	GlobalSection(SolutionProperties) = preSolution
		HideSolutionNode = FALSE
	EndGlobalSection
	GlobalSection(ExtensibilityGlobals) = postSolution
		SolutionGuid = {125C6738-DD3E-434C-A8A9-0EF4C0E45E93}
	EndGlobalSection
EndGlobal
